
Microsoft Visual Studio Solution File, Format Version 12.00
# Visual Studio 15
Project("{FAE04EC0-301F-11D3-BF4B-00C04F79EFBC}") = "Assembly-CSharp-firstpass", "Assembly-CSharp-firstpass.csproj", "{3F79041D-7AAE-9571-41B4-5786822DDA05}"
EndProject
Project("{FAE04EC0-301F-11D3-BF4B-00C04F79EFBC}") = "Assembly-CSharp", "Assembly-CSharp.csproj", "{2DC04911-719D-386F-3763-EF7249073C40}"
EndProject
Project("{FAE04EC0-301F-11D3-BF4B-00C04F79EFBC}") = "Assembly-CSharp-Editor", "Assembly-CSharp-Editor.csproj", "{609B89DB-56E1-D217-5E16-D0C8FC527B87}"
EndProject
Global
	GlobalSection(SolutionConfigurationPlatforms) = preSolution
		Debug|Any CPU = Debug|Any CPU
		Release|Any CPU = Release|Any CPU
	EndGlobalSection
	GlobalSection(ProjectConfigurationPlatforms) = postSolution
		{3F79041D-7AAE-9571-41B4-5786822DDA05}.Debug|Any CPU.ActiveCfg = Debug|Any CPU
		{3F79041D-7AAE-9571-41B4-5786822DDA05}.Debug|Any CPU.Build.0 = Debug|Any CPU
		{3F79041D-7AAE-9571-41B4-5786822DDA05}.Release|Any CPU.ActiveCfg = Release|Any CPU
		{3F79041D-7AAE-9571-41B4-5786822DDA05}.Release|Any CPU.Build.0 = Release|Any CPU
		{2DC04911-719D-386F-3763-EF7249073C40}.Debug|Any CPU.ActiveCfg = Debug|Any CPU
		{2DC04911-719D-386F-3763-EF7249073C40}.Debug|Any CPU.Build.0 = Debug|Any CPU
		{2DC04911-719D-386F-3763-EF7249073C40}.Release|Any CPU.ActiveCfg = Release|Any CPU
		{2DC04911-719D-386F-3763-EF7249073C40}.Release|Any CPU.Build.0 = Release|Any CPU
		{609B89DB-56E1-D217-5E16-D0C8FC527B87}.Debug|Any CPU.ActiveCfg = Debug|Any CPU
		{609B89DB-56E1-D217-5E16-D0C8FC527B87}.Debug|Any CPU.Build.0 = Debug|Any CPU
		{609B89DB-56E1-D217-5E16-D0C8FC527B87}.Release|Any CPU.ActiveCfg = Release|Any CPU
		{609B89DB-56E1-D217-5E16-D0C8FC527B87}.Release|Any CPU.Build.0 = Release|Any CPU
	EndGlobalSection
	GlobalSection(SolutionProperties) = preSolution
		HideSolutionNode = FALSE
	EndGlobalSection
EndGlobal
